
Microsoft Visual Studio Solution File, Format Version 12.00
# Visual Studio 2013
VisualStudioVersion = 12.0.21005.1
MinimumVisualStudioVersion = 10.0.40219.1
Project("{F088123C-0E9E-452A-89E6-6BA2F21D5CAC}") = "SadCLDiagrams", "SadCLDiagrams.modelproj", "{8F84E798-AC1A-4ED9-9982-B0088358746A}"
EndProject
Global
	GlobalSection(SolutionConfigurationPlatforms) = preSolution
		Debug|Any CPU = Debug|Any CPU
		Release|Any CPU = Release|Any CPU
	EndGlobalSection
	GlobalSection(ProjectConfigurationPlatforms) = postSolution
		{8F84E798-AC1A-4ED9-9982-B0088358746A}.Debug|Any CPU.ActiveCfg = Debug|Any CPU
		{8F84E798-AC1A-4ED9-9982-B0088358746A}.Debug|Any CPU.Build.0 = Debug|Any CPU
		{8F84E798-AC1A-4ED9-9982-B0088358746A}.Release|Any CPU.ActiveCfg = Release|Any CPU
		{8F84E798-AC1A-4ED9-9982-B0088358746A}.Release|Any CPU.Build.0 = Release|Any CPU
	EndGlobalSection
	GlobalSection(SolutionProperties) = preSolution
		HideSolutionNode = FALSE
	EndGlobalSection
EndGlobal
